{
  "version": 4,
  "terraform_version": "1.8.5",
  "serial": 33,
  "lineage": "4dfeccd8-97b2-40f1-552f-0b8dfcfef8bb",
  "outputs": {
    "interface": {
      "value": {
        "accelerated_networking_enabled": false,
        "applied_dns_servers": [],
        "auxiliary_mode": "",
        "auxiliary_sku": "",
        "dns_servers": [],
        "edge_zone": "",
        "enable_accelerated_networking": false,
        "enable_ip_forwarding": false,
        "id": "/subscriptions/05a4028e-14a9-4f7d-baf3-2629d5a430bc/resourceGroups/test-rg/providers/Microsoft.Network/networkInterfaces/default",
        "internal_dns_name_label": "",
        "internal_domain_name_suffix": "jgrqroaizqyufe4nqgo1c0niqb.bx.internal.cloudapp.net",
        "ip_configuration": [
          {
            "gateway_load_balancer_frontend_ip_configuration_id": "",
            "name": "default",
            "primary": true,
            "private_ip_address": "10.0.0.4",
            "private_ip_address_allocation": "Static",
            "private_ip_address_version": "IPv4",
            "public_ip_address_id": "/subscriptions/05a4028e-14a9-4f7d-baf3-2629d5a430bc/resourceGroups/test-rg/providers/Microsoft.Network/publicIPAddresses/PanoramaPublicIP",
            "subnet_id": "/subscriptions/05a4028e-14a9-4f7d-baf3-2629d5a430bc/resourceGroups/test-rg/providers/Microsoft.Network/virtualNetworks/test131221/subnets/default"
          }
        ],
        "ip_forwarding_enabled": false,
        "location": "eastus",
        "mac_address": "",
        "name": "default",
        "private_ip_address": "10.0.0.4",
        "private_ip_addresses": [
          "10.0.0.4"
        ],
        "resource_group_name": "test-rg",
        "tags": {},
        "timeouts": null,
        "virtual_machine_id": ""
      },
      "type": [
        "object",
        {
          "accelerated_networking_enabled": "bool",
          "applied_dns_servers": [
            "list",
            "string"
          ],
          "auxiliary_mode": "string",
          "auxiliary_sku": "string",
          "dns_servers": [
            "list",
            "string"
          ],
          "edge_zone": "string",
          "enable_accelerated_networking": "bool",
          "enable_ip_forwarding": "bool",
          "id": "string",
          "internal_dns_name_label": "string",
          "internal_domain_name_suffix": "string",
          "ip_configuration": [
            "list",
            [
              "object",
              {
                "gateway_load_balancer_frontend_ip_configuration_id": "string",
                "name": "string",
                "primary": "bool",
                "private_ip_address": "string",
                "private_ip_address_allocation": "string",
                "private_ip_address_version": "string",
                "public_ip_address_id": "string",
                "subnet_id": "string"
              }
            ]
          ],
          "ip_forwarding_enabled": "bool",
          "location": "string",
          "mac_address": "string",
          "name": "string",
          "private_ip_address": "string",
          "private_ip_addresses": [
            "list",
            "string"
          ],
          "resource_group_name": "string",
          "tags": [
            "map",
            "string"
          ],
          "timeouts": [
            "object",
            {
              "create": "string",
              "delete": "string",
              "read": "string",
              "update": "string"
            }
          ],
          "virtual_machine_id": "string"
        }
      ]
    },
    "mgmt_ip_address": {
      "value": "172.172.190.222",
      "type": "string"
    }
  },
  "resources": [
    {
      "module": "module.example-panorama.module.vmseries-modules_panorama",
      "mode": "managed",
      "type": "azurerm_network_interface",
      "name": "this",
      "provider": "provider[\"registry.terraform.io/hashicorp/azurerm\"]",
      "instances": [
        {
          "schema_version": 0,
          "attributes": {
            "accelerated_networking_enabled": false,
            "applied_dns_servers": [],
            "auxiliary_mode": "",
            "auxiliary_sku": "",
            "dns_servers": [],
            "edge_zone": "",
            "enable_accelerated_networking": false,
            "enable_ip_forwarding": false,
            "id": "/subscriptions/05a4028e-14a9-4f7d-baf3-2629d5a430bc/resourceGroups/test-rg/providers/Microsoft.Network/networkInterfaces/default",
            "internal_dns_name_label": "",
            "internal_domain_name_suffix": "jgrqroaizqyufe4nqgo1c0niqb.bx.internal.cloudapp.net",
            "ip_configuration": [
              {
                "gateway_load_balancer_frontend_ip_configuration_id": "",
                "name": "default",
                "primary": true,
                "private_ip_address": "10.0.0.4",
                "private_ip_address_allocation": "Static",
                "private_ip_address_version": "IPv4",
                "public_ip_address_id": "/subscriptions/05a4028e-14a9-4f7d-baf3-2629d5a430bc/resourceGroups/test-rg/providers/Microsoft.Network/publicIPAddresses/PanoramaPublicIP",
                "subnet_id": "/subscriptions/05a4028e-14a9-4f7d-baf3-2629d5a430bc/resourceGroups/test-rg/providers/Microsoft.Network/virtualNetworks/test131221/subnets/default"
              }
            ],
            "ip_forwarding_enabled": false,
            "location": "eastus",
            "mac_address": "",
            "name": "default",
            "private_ip_address": "10.0.0.4",
            "private_ip_addresses": [
              "10.0.0.4"
            ],
            "resource_group_name": "test-rg",
            "tags": {},
            "timeouts": null,
            "virtual_machine_id": ""
          },
          "sensitive_attributes": [],
          "private": "eyJlMmJmYjczMC1lY2FhLTExZTYtOGY4OC0zNDM2M2JjN2M0YzAiOnsiY3JlYXRlIjoxODAwMDAwMDAwMDAwLCJkZWxldGUiOjE4MDAwMDAwMDAwMDAsInJlYWQiOjMwMDAwMDAwMDAwMCwidXBkYXRlIjoxODAwMDAwMDAwMDAwfX0=",
          "dependencies": [
            "module.example-panorama.module.vmseries-modules_panorama.azurerm_public_ip.this"
          ]
        }
      ]
    },
    {
      "module": "module.example-panorama.module.vmseries-modules_panorama",
      "mode": "managed",
      "type": "azurerm_public_ip",
      "name": "this",
      "provider": "provider[\"registry.terraform.io/hashicorp/azurerm\"]",
      "instances": [
        {
          "index_key": 0,
          "schema_version": 0,
          "attributes": {
            "allocation_method": "Static",
            "ddos_protection_mode": "VirtualNetworkInherited",
            "ddos_protection_plan_id": null,
            "domain_name_label": null,
            "edge_zone": "",
            "fqdn": null,
            "id": "/subscriptions/05a4028e-14a9-4f7d-baf3-2629d5a430bc/resourceGroups/test-rg/providers/Microsoft.Network/publicIPAddresses/PanoramaPublicIP",
            "idle_timeout_in_minutes": 4,
            "ip_address": "172.172.190.222",
            "ip_tags": {},
            "ip_version": "IPv4",
            "location": "eastus",
            "name": "PanoramaPublicIP",
            "public_ip_prefix_id": null,
            "resource_group_name": "test-rg",
            "reverse_fqdn": null,
            "sku": "Standard",
            "sku_tier": "Regional",
            "tags": {
              "app_id": "1212"
            },
            "timeouts": null,
            "zones": []
          },
          "sensitive_attributes": [],
          "private": "eyJlMmJmYjczMC1lY2FhLTExZTYtOGY4OC0zNDM2M2JjN2M0YzAiOnsiY3JlYXRlIjoxODAwMDAwMDAwMDAwLCJkZWxldGUiOjE4MDAwMDAwMDAwMDAsInJlYWQiOjMwMDAwMDAwMDAwMCwidXBkYXRlIjoxODAwMDAwMDAwMDAwfX0="
        }
      ]
    },
    {
      "module": "module.example-panorama.module.vmseries-modules_panorama",
      "mode": "managed",
      "type": "azurerm_virtual_machine",
      "name": "panorama",
      "provider": "provider[\"registry.terraform.io/hashicorp/azurerm\"]",
      "instances": [
        {
          "schema_version": 0,
          "attributes": {
            "additional_capabilities": [],
            "availability_set_id": null,
            "boot_diagnostics": [
              {
                "enabled": true,
                "storage_uri": "https://testing13132.blob.core.windows.net"
              }
            ],
            "delete_data_disks_on_termination": true,
            "delete_os_disk_on_termination": true,
            "id": "/subscriptions/05a4028e-14a9-4f7d-baf3-2629d5a430bc/resourceGroups/test-rg/providers/Microsoft.Compute/virtualMachines/PanoramaInstance",
            "identity": [],
            "license_type": null,
            "location": "eastus",
            "name": "PanoramaInstance",
            "network_interface_ids": [
              "/subscriptions/05a4028e-14a9-4f7d-baf3-2629d5a430bc/resourceGroups/test-rg/providers/Microsoft.Network/networkInterfaces/default"
            ],
            "os_profile": [
              {
                "admin_password": "",
                "admin_username": "panadmin",
                "computer_name": "PanoramaInstance",
                "custom_data": ""
              }
            ],
            "os_profile_linux_config": [
              {
                "disable_password_authentication": true,
                "ssh_keys": [
                  {
                    "key_data": "ssh-rsa AAAAB3NzaC1yc2EAAAADAQABAAABAQDV5QVpitQcVO1GaH6g+yZ3ZWLX6qwCQaPMZM2scdzLMtyA3zb+ZzLolCYeS+3ijreQLJLZBoUE8XqVZgRRTLPzCa+pxJqz7hZPGeWggaLseE8pvsV17XEUXfHBiboXsDCiynwI9PbndLISI37HwDOzJetSYgrDWnrCU9DqRZ9oB8WoSmnQLY1oHtugJprBTuXuCwOXNxv1ZxCwtytFw23RnJsf6Uz1/rvNXDhJd2gd5vWWClRt8wMHGoTMSKeqIlPrl76pM4c+oik7qQlPtBdyU7iJFKg4jOJNKrhKRHE7J2bBpaNffYNEEaf8jkl+fPXMpdOJ36ivI+e3PIqDmZ0R redmond\\srahlawat@DESKTOP-H9UPNAK",
                    "path": "/home/panadmin/.ssh/authorized_keys"
                  }
                ]
              }
            ],
            "os_profile_secrets": [],
            "os_profile_windows_config": [],
            "plan": [
              {
                "name": "byol",
                "product": "panorama",
                "publisher": "paloaltonetworks"
              }
            ],
            "primary_network_interface_id": "/subscriptions/05a4028e-14a9-4f7d-baf3-2629d5a430bc/resourceGroups/test-rg/providers/Microsoft.Network/networkInterfaces/default",
            "proximity_placement_group_id": null,
            "resource_group_name": "test-rg",
            "storage_data_disk": [],
            "storage_image_reference": [
              {
                "id": "",
                "offer": "panorama",
                "publisher": "paloaltonetworks",
                "sku": "byol",
                "version": "10.0.3"
              }
            ],
            "storage_os_disk": [
              {
                "caching": "ReadWrite",
                "create_option": "FromImage",
                "disk_size_gb": 81,
                "image_uri": "",
                "managed_disk_id": "/subscriptions/05a4028e-14a9-4f7d-baf3-2629d5a430bc/resourceGroups/test-rg/providers/Microsoft.Compute/disks/PanoramaInstance-disk",
                "managed_disk_type": "Standard_LRS",
                "name": "PanoramaInstance-disk",
                "os_type": "Linux",
                "vhd_uri": "",
                "write_accelerator_enabled": false
              }
            ],
            "tags": {
              "app_id": "1212"
            },
            "timeouts": null,
            "vm_size": "Standard_D5_v2",
            "zones": null
          },
          "sensitive_attributes": [
            [
              {
                "type": "get_attr",
                "value": "os_profile"
              }
            ]
          ],
          "private": "eyJlMmJmYjczMC1lY2FhLTExZTYtOGY4OC0zNDM2M2JjN2M0YzAiOnsiY3JlYXRlIjozNjAwMDAwMDAwMDAwLCJkZWxldGUiOjM2MDAwMDAwMDAwMDAsInJlYWQiOjMwMDAwMDAwMDAwMCwidXBkYXRlIjozNjAwMDAwMDAwMDAwfX0=",
          "dependencies": [
            "module.example-panorama.module.vmseries-modules_panorama.azurerm_network_interface.this",
            "module.example-panorama.module.vmseries-modules_panorama.azurerm_public_ip.this"
          ]
        }
      ]
    }
  ],
  "check_results": [
    {
      "object_kind": "var",
      "config_addr": "var.panorama_disk_type",
      "status": "pass",
      "objects": [
        {
          "object_addr": "var.panorama_disk_type",
          "status": "pass"
        }
      ]
    },
    {
      "object_kind": "var",
      "config_addr": "module.example-panorama.var.panorama_disk_type",
      "status": "pass",
      "objects": [
        {
          "object_addr": "module.example-panorama.var.panorama_disk_type",
          "status": "pass"
        }
      ]
    },
    {
      "object_kind": "var",
      "config_addr": "module.example-panorama.module.vmseries-modules_panorama.var.panorama_disk_type",
      "status": "pass",
      "objects": [
        {
          "object_addr": "module.example-panorama.module.vmseries-modules_panorama.var.panorama_disk_type",
          "status": "pass"
        }
      ]
    }
  ]
}
