{
  "version": 4,
  "terraform_version": "1.8.5",
  "serial": 6,
  "lineage": "96d63924-1f33-e1c5-0bb3-38fc26b45cf9",
  "outputs": {},
  "resources": [
    {
      "module": "module.example-action_group",
      "mode": "data",
      "type": "azurerm_key_vault",
      "name": "kv",
      "provider": "provider[\"registry.terraform.io/hashicorp/azurerm\"]",
      "instances": [
        {
          "schema_version": 0,
          "attributes": {
            "access_policy": [],
            "enable_rbac_authorization": true,
            "enabled_for_deployment": false,
            "enabled_for_disk_encryption": false,
            "enabled_for_template_deployment": false,
            "id": "/subscriptions/05a4028e-14a9-4f7d-baf3-2629d5a430bc/resourceGroups/new-epac/providers/Microsoft.KeyVault/vaults/kv-test134",
            "location": "eastus",
            "name": "kv-test134",
            "network_acls": [
              {
                "bypass": "None",
                "default_action": "Allow",
                "ip_rules": [],
                "virtual_network_subnet_ids": []
              }
            ],
            "public_network_access_enabled": true,
            "purge_protection_enabled": false,
            "resource_group_name": "new-epac",
            "sku_name": "standard",
            "tags": {},
            "tenant_id": "c3ac7434-2aaa-4fe0-881d-5229a1ab25e1",
            "timeouts": null,
            "vault_uri": "https://kv-test134.vault.azure.net/"
          },
          "sensitive_attributes": []
        }
      ]
    },
    {
      "module": "module.example-action_group",
      "mode": "managed",
      "type": "azurerm_monitor_action_group",
      "name": "group",
      "provider": "provider[\"registry.terraform.io/hashicorp/azurerm\"]",
      "instances": [
        {
          "index_key": "action_group_1",
          "schema_version": 1,
          "attributes": {
            "arm_role_receiver": [],
            "automation_runbook_receiver": [],
            "azure_app_push_receiver": [],
            "azure_function_receiver": [],
            "email_receiver": [
              {
                "email_address": "alerts-team@example.com",
                "name": "EmailReceiver1",
                "use_common_alert_schema": true
              }
            ],
            "enabled": true,
            "event_hub_receiver": [],
            "id": "/subscriptions/05a4028e-14a9-4f7d-baf3-2629d5a430bc/resourceGroups/new-epac/providers/Microsoft.Insights/actionGroups/CriticalAlertsGroup",
            "itsm_receiver": [],
            "location": "global",
            "logic_app_receiver": [],
            "name": "CriticalAlertsGroup",
            "resource_group_name": "new-epac",
            "short_name": "CAG",
            "sms_receiver": [],
            "tags": null,
            "timeouts": null,
            "voice_receiver": [],
            "webhook_receiver": [
              {
                "aad_auth": [],
                "name": "WebhookReceiver1",
                "service_uri": "https://learn.microsoft.com/en-us/",
                "use_common_alert_schema": true
              }
            ]
          },
          "sensitive_attributes": [],
          "private": "eyJlMmJmYjczMC1lY2FhLTExZTYtOGY4OC0zNDM2M2JjN2M0YzAiOnsiY3JlYXRlIjoxODAwMDAwMDAwMDAwLCJkZWxldGUiOjE4MDAwMDAwMDAwMDAsInJlYWQiOjMwMDAwMDAwMDAwMCwidXBkYXRlIjoxODAwMDAwMDAwMDAwfSwic2NoZW1hX3ZlcnNpb24iOiIxIn0=",
          "dependencies": [
            "module.example-action_group.data.azurerm_key_vault.kv",
            "module.example-action_group.data.azurerm_key_vault_secret.pagerduty_integration_key_secret"
          ]
        },
        {
          "index_key": "action_group_2",
          "schema_version": 1,
          "attributes": {
            "arm_role_receiver": [],
            "automation_runbook_receiver": [],
            "azure_app_push_receiver": [],
            "azure_function_receiver": [],
            "email_receiver": [
              {
                "email_address": "non-critical@example.com",
                "name": "EmailReceiver2",
                "use_common_alert_schema": false
              }
            ],
            "enabled": false,
            "event_hub_receiver": [],
            "id": "/subscriptions/05a4028e-14a9-4f7d-baf3-2629d5a430bc/resourceGroups/new-epac/providers/Microsoft.Insights/actionGroups/NonCriticalAlertsGroup",
            "itsm_receiver": [],
            "location": "global",
            "logic_app_receiver": [],
            "name": "NonCriticalAlertsGroup",
            "resource_group_name": "new-epac",
            "short_name": "NCAG",
            "sms_receiver": [],
            "tags": null,
            "timeouts": null,
            "voice_receiver": [],
            "webhook_receiver": []
          },
          "sensitive_attributes": [],
          "private": "eyJlMmJmYjczMC1lY2FhLTExZTYtOGY4OC0zNDM2M2JjN2M0YzAiOnsiY3JlYXRlIjoxODAwMDAwMDAwMDAwLCJkZWxldGUiOjE4MDAwMDAwMDAwMDAsInJlYWQiOjMwMDAwMDAwMDAwMCwidXBkYXRlIjoxODAwMDAwMDAwMDAwfSwic2NoZW1hX3ZlcnNpb24iOiIxIn0=",
          "dependencies": [
            "module.example-action_group.data.azurerm_key_vault.kv",
            "module.example-action_group.data.azurerm_key_vault_secret.pagerduty_integration_key_secret"
          ]
        }
      ]
    }
  ],
  "check_results": null
}
