{
  "version": 4,
  "terraform_version": "1.8.5",
  "serial": 1,
  "lineage": "66fe2d8e-915f-016a-5a01-53402a077767",
  "outputs": {},
  "resources": [
    {
      "module": "module.example-alerts",
      "mode": "managed",
      "type": "azurerm_monitor_metric_alert",
      "name": "alerts",
      "provider": "provider[\"registry.terraform.io/hashicorp/azurerm\"]",
      "instances": [
        {
          "index_key": "alert1",
          "schema_version": 1,
          "attributes": {
            "action": [
              {
                "action_group_id": "/subscriptions/05a4028e-14a9-4f7d-baf3-2629d5a430bc/resourceGroups/new-epac/providers/Microsoft.Insights/actiongroups/CriticalAlertsGroup",
                "webhook_properties": null
              }
            ],
            "application_insights_web_test_location_availability_criteria": [],
            "auto_mitigate": false,
            "criteria": [
              {
                "aggregation": "Average",
                "dimension": [],
                "metric_name": "Percentage CPU",
                "metric_namespace": "Microsoft.Compute/virtualMachines",
                "operator": "GreaterThan",
                "skip_metric_validation": false,
                "threshold": 80
              }
            ],
            "description": "Alert when CPU usage is high",
            "dynamic_criteria": [],
            "enabled": true,
            "frequency": "PT5M",
            "id": "/subscriptions/05a4028e-14a9-4f7d-baf3-2629d5a430bc/resourceGroups/new-epac/providers/Microsoft.Insights/metricAlerts/CPUHighAlert2",
            "name": "CPUHighAlert2",
            "resource_group_name": "new-epac",
            "scopes": [
              "/subscriptions/05a4028e-14a9-4f7d-baf3-2629d5a430bc/resourcegroups/new-epac/providers/Microsoft.Compute/virtualMachines/test-vm1313"
            ],
            "severity": 3,
            "tags": null,
            "target_resource_location": "eastus",
            "target_resource_type": "Microsoft.Compute/virtualMachines",
            "timeouts": null,
            "window_size": "PT15M"
          },
          "sensitive_attributes": [],
          "private": "eyJlMmJmYjczMC1lY2FhLTExZTYtOGY4OC0zNDM2M2JjN2M0YzAiOnsiY3JlYXRlIjoxODAwMDAwMDAwMDAwLCJkZWxldGUiOjE4MDAwMDAwMDAwMDAsInJlYWQiOjMwMDAwMDAwMDAwMCwidXBkYXRlIjoxODAwMDAwMDAwMDAwfSwic2NoZW1hX3ZlcnNpb24iOiIxIn0="
        }
      ]
    }
  ],
  "check_results": null
}
